{
  "name": "easyssh-sync-runtime",
  "lockfileVersion": 3,
  "requires": true,
  "packages": {
    "": {
      "name": "easyssh-sync-runtime",
      "dependencies": {
        "@automerge/automerge": "3.5.0"
      },
      "engines": {
        "node": ">=22"
      }
    },
    "node_modules/@automerge/automerge": {
      "version": "3.5.0",
      "resolved": "https://registry.npmjs.org/@automerge/automerge/-/automerge-3.5.0.tgz",
      "integrity": "sha512-ejbqJWfXWM2QbTcUK/5ugYiQiyOP7LYVAp/RuSvthCc07oek0FClMxEuouuhjrLjVPDSI34RP1ftGc45PF7WRA==",
      "license": "MIT"
    }
  }
}
